
Microsoft Visual Studio Solution File, Format Version 12.00
# Visual Studio Version 18
VisualStudioVersion = 18.1.11312.151
MinimumVisualStudioVersion = 10.0.40219.1
Project("{2150E333-8FDC-42A3-9474-1A3956D46DE8}") = "Solution Items", "Solution Items", "{81091548-B0A3-4CF2-8F66-810EFA726409}"
	ProjectSection(SolutionItems) = preProject
		README.md = README.md
	EndProjectSection
EndProject
Project("{9A19103F-16F7-4668-BE54-9A1E7A4F7556}") = "ConditionalDisplayers", "ConditionalDisplayers\ConditionalDisplayers.csproj", "{0184080B-16C7-42BE-B984-518ABBDEA43E}"
EndProject
Project("{2150E333-8FDC-42A3-9474-1A3956D46DE8}") = "Workflows", "Workflows", "{05C4D072-5F24-4195-A80E-07793BB9C82C}"
	ProjectSection(SolutionItems) = preProject
		.github\workflows\build.yml = .github\workflows\build.yml
		.github\workflows\release.yml = .github\workflows\release.yml
	EndProjectSection
EndProject
Project("{FAE04EC0-301F-11D3-BF4B-00C04F79EFBC}") = "TestWebV13", "TestWebV13\TestWebV13.csproj", "{D496EBFA-A866-48DB-4CF4-08624D3DD5EB}"
EndProject
Global
	GlobalSection(SolutionConfigurationPlatforms) = preSolution
		Debug|Any CPU = Debug|Any CPU
		Release|Any CPU = Release|Any CPU
	EndGlobalSection
	GlobalSection(ProjectConfigurationPlatforms) = postSolution
		{0184080B-16C7-42BE-B984-518ABBDEA43E}.Debug|Any CPU.ActiveCfg = Debug|Any CPU
		{0184080B-16C7-42BE-B984-518ABBDEA43E}.Debug|Any CPU.Build.0 = Debug|Any CPU
		{0184080B-16C7-42BE-B984-518ABBDEA43E}.Release|Any CPU.ActiveCfg = Release|Any CPU
		{0184080B-16C7-42BE-B984-518ABBDEA43E}.Release|Any CPU.Build.0 = Release|Any CPU
		{D496EBFA-A866-48DB-4CF4-08624D3DD5EB}.Debug|Any CPU.ActiveCfg = Debug|Any CPU
		{D496EBFA-A866-48DB-4CF4-08624D3DD5EB}.Debug|Any CPU.Build.0 = Debug|Any CPU
		{D496EBFA-A866-48DB-4CF4-08624D3DD5EB}.Release|Any CPU.ActiveCfg = Release|Any CPU
		{D496EBFA-A866-48DB-4CF4-08624D3DD5EB}.Release|Any CPU.Build.0 = Release|Any CPU
	EndGlobalSection
	GlobalSection(SolutionProperties) = preSolution
		HideSolutionNode = FALSE
	EndGlobalSection
	GlobalSection(ExtensibilityGlobals) = postSolution
		SolutionGuid = {8EC30797-DF5F-4983-A9D0-1D5DD027682D}
	EndGlobalSection
EndGlobal
